
Microsoft Visual Studio Solution File, Format Version 12.00
# Visual Studio 15
VisualStudioVersion = 15.0.26730.16
MinimumVisualStudioVersion = 10.0.40219.1
Project("{FAE04EC0-301F-11D3-BF4B-00C04F79EFBC}") = "Registration.API", "Registration.API\Registration.API.csproj", "{BC1C32D7-6E6B-4054-96A0-D24D1724AA34}"
EndProject
Global
	GlobalSection(SolutionConfigurationPlatforms) = preSolution
		Debug|Any CPU = Debug|Any CPU
		Release|Any CPU = Release|Any CPU
	EndGlobalSection
	GlobalSection(ProjectConfigurationPlatforms) = postSolution
		{BC1C32D7-6E6B-4054-96A0-D24D1724AA34}.Debug|Any CPU.ActiveCfg = Debug|Any CPU
		{BC1C32D7-6E6B-4054-96A0-D24D1724AA34}.Debug|Any CPU.Build.0 = Debug|Any CPU
		{BC1C32D7-6E6B-4054-96A0-D24D1724AA34}.Release|Any CPU.ActiveCfg = Release|Any CPU
		{BC1C32D7-6E6B-4054-96A0-D24D1724AA34}.Release|Any CPU.Build.0 = Release|Any CPU
	EndGlobalSection
	GlobalSection(SolutionProperties) = preSolution
		HideSolutionNode = FALSE
	EndGlobalSection
	GlobalSection(ExtensibilityGlobals) = postSolution
		SolutionGuid = {94576E96-4934-483A-BDA0-2F27D40C2791}
	EndGlobalSection
EndGlobal
